{
  "name": "b5-project",
  "version": "1.0.0",
  "lockfileVersion": 2,
  "requires": true,
  "packages": {
    "": {
      "name": "b5-project",
      "version": "1.0.0",
      "license": "ISC",
      "dependencies": {
        "bootstrap": "^5.1.3",
        "colormyar": "^1.1.0",
        "jquery": "^3.6.0",
        "scrollreveal": "^4.0.9",
        "waypoints": "^4.0.1"
      }
    },
    "node_modules/@popperjs/core": {
      "version": "2.11.2",
      "resolved": "https://registry.npmjs.org/@popperjs/core/-/core-2.11.2.tgz",
      "integrity": "sha512-92FRmppjjqz29VMJ2dn+xdyXZBrMlE42AV6Kq6BwjWV7CNUW1hs2FtxSNLQE+gJhaZ6AAmYuO9y8dshhcBl7vA==",
      "peer": true,
      "funding": {
        "type": "opencollective",
        "url": "https://opencollective.com/popperjs"
      }
    },
    "node_modules/bootstrap": {
      "version": "5.1.3",
      "resolved": "https://registry.npmjs.org/bootstrap/-/bootstrap-5.1.3.tgz",
      "integrity": "sha512-fcQztozJ8jToQWXxVuEyXWW+dSo8AiXWKwiSSrKWsRB/Qt+Ewwza+JWoLKiTuQLaEPhdNAJ7+Dosc9DOIqNy7Q==",
      "funding": {
        "type": "opencollective",
        "url": "https://opencollective.com/bootstrap"
      },
      "peerDependencies": {
        "@popperjs/core": "^2.10.2"
      }
    },
    "node_modules/colormyar": {
      "version": "1.1.0",
      "resolved": "https://registry.npmjs.org/colormyar/-/colormyar-1.1.0.tgz",
      "integrity": "sha512-rWn825Fw1/UNwFCQSiz4vNKGm+2CeSs/crsXD0NWZIT/n5TY53t8TWFzvI1z3Bxz+o4xpjG2zRKqFWPflNE6pg=="
    },
    "node_modules/is-dom-node": {
      "version": "1.0.4",
      "resolved": "https://registry.npmjs.org/is-dom-node/-/is-dom-node-1.0.4.tgz",
      "integrity": "sha512-NEnTHKCeyGJTL0cKdzATF8SWzyTMYf5CbNKWBvsXvyMxZG32g+a09qkeCbrfQNLTD85CbPeHb4YjIJCjyzF0yA=="
    },
    "node_modules/is-dom-node-list": {
      "version": "1.2.1",
      "resolved": "https://registry.npmjs.org/is-dom-node-list/-/is-dom-node-list-1.2.1.tgz",
      "integrity": "sha512-P1H071iT5TGG8pAHslhrLDo/tQLYc8tGuWABVqhGU4l2mm7aDNb9cx2myQ2AujEQO6B2cAujcW4a0/+6UfXInw==",
      "dependencies": {
        "is-dom-node": "^1.0.4"
      }
    },
    "node_modules/jquery": {
      "version": "3.6.0",
      "resolved": "https://registry.npmjs.org/jquery/-/jquery-3.6.0.tgz",
      "integrity": "sha512-JVzAR/AjBvVt2BmYhxRCSYysDsPcssdmTFnzyLEts9qNwmjmu4JTAMYubEfwVOSwpQ1I1sKKFcxhZCI2buerfw=="
    },
    "node_modules/miniraf": {
      "version": "1.0.0",
      "resolved": "https://registry.npmjs.org/miniraf/-/miniraf-1.0.0.tgz",
      "integrity": "sha512-XpvhtJYzVrpXe+JoAthrT9E40NIrSDDMcdHEYL2M+lR/OCas0nadetcBBq/MWYqlgV5aDWVQ3mfAqd+fG6Y/EQ=="
    },
    "node_modules/rematrix": {
      "version": "0.3.0",
      "resolved": "https://registry.npmjs.org/rematrix/-/rematrix-0.3.0.tgz",
      "integrity": "sha512-xB/9ZvJIKaDgXX0qkvV9/pLD8zK23A6TVV6F8Vhsl+SrxbBeVYutz5uszxgC6Rt3RP9LZiH8OXaYjr+x6WXWmQ=="
    },
    "node_modules/scrollreveal": {
      "version": "4.0.9",
      "resolved": "https://registry.npmjs.org/scrollreveal/-/scrollreveal-4.0.9.tgz",
      "integrity": "sha512-fefGvzVS8YbXbDK1+T0kvy2yqxaiBJZeGUhPeqajf+7sGqtX4xikbKGAlzQuPCpswAMswx94ZwhDjXKnRIqW1w==",
      "hasInstallScript": true,
      "dependencies": {
        "miniraf": "1.0.0",
        "rematrix": "0.3.0",
        "tealight": "0.3.6"
      }
    },
    "node_modules/tealight": {
      "version": "0.3.6",
      "resolved": "https://registry.npmjs.org/tealight/-/tealight-0.3.6.tgz",
      "integrity": "sha512-Dys3N8jFBThD9pNVpPCyUiu6DfWcTBdqWQJIvnAuVaFkGEdrPBJ43070vVbn6sTlLvn2IQK2zFW4FrVIrTo8eQ==",
      "dependencies": {
        "is-dom-node": "^1.0.4",
        "is-dom-node-list": "^1.2.1"
      }
    },
    "node_modules/waypoints": {
      "version": "4.0.1",
      "resolved": "https://registry.npmjs.org/waypoints/-/waypoints-4.0.1.tgz",
      "integrity": "sha1-CZeaBXOBCylifLpDZqKEoGLsacg="
    }
  },
  "dependencies": {
    "@popperjs/core": {
      "version": "2.11.2",
      "resolved": "https://registry.npmjs.org/@popperjs/core/-/core-2.11.2.tgz",
      "integrity": "sha512-92FRmppjjqz29VMJ2dn+xdyXZBrMlE42AV6Kq6BwjWV7CNUW1hs2FtxSNLQE+gJhaZ6AAmYuO9y8dshhcBl7vA==",
      "peer": true
    },
    "bootstrap": {
      "version": "5.1.3",
      "resolved": "https://registry.npmjs.org/bootstrap/-/bootstrap-5.1.3.tgz",
      "integrity": "sha512-fcQztozJ8jToQWXxVuEyXWW+dSo8AiXWKwiSSrKWsRB/Qt+Ewwza+JWoLKiTuQLaEPhdNAJ7+Dosc9DOIqNy7Q==",
      "requires": {}
    },
    "colormyar": {
      "version": "1.1.0",
      "resolved": "https://registry.npmjs.org/colormyar/-/colormyar-1.1.0.tgz",
      "integrity": "sha512-rWn825Fw1/UNwFCQSiz4vNKGm+2CeSs/crsXD0NWZIT/n5TY53t8TWFzvI1z3Bxz+o4xpjG2zRKqFWPflNE6pg=="
    },
    "is-dom-node": {
      "version": "1.0.4",
      "resolved": "https://registry.npmjs.org/is-dom-node/-/is-dom-node-1.0.4.tgz",
      "integrity": "sha512-NEnTHKCeyGJTL0cKdzATF8SWzyTMYf5CbNKWBvsXvyMxZG32g+a09qkeCbrfQNLTD85CbPeHb4YjIJCjyzF0yA=="
    },
    "is-dom-node-list": {
      "version": "1.2.1",
      "resolved": "https://registry.npmjs.org/is-dom-node-list/-/is-dom-node-list-1.2.1.tgz",
      "integrity": "sha512-P1H071iT5TGG8pAHslhrLDo/tQLYc8tGuWABVqhGU4l2mm7aDNb9cx2myQ2AujEQO6B2cAujcW4a0/+6UfXInw==",
      "requires": {
        "is-dom-node": "^1.0.4"
      }
    },
    "jquery": {
      "version": "3.6.0",
      "resolved": "https://registry.npmjs.org/jquery/-/jquery-3.6.0.tgz",
      "integrity": "sha512-JVzAR/AjBvVt2BmYhxRCSYysDsPcssdmTFnzyLEts9qNwmjmu4JTAMYubEfwVOSwpQ1I1sKKFcxhZCI2buerfw=="
    },
    "miniraf": {
      "version": "1.0.0",
      "resolved": "https://registry.npmjs.org/miniraf/-/miniraf-1.0.0.tgz",
      "integrity": "sha512-XpvhtJYzVrpXe+JoAthrT9E40NIrSDDMcdHEYL2M+lR/OCas0nadetcBBq/MWYqlgV5aDWVQ3mfAqd+fG6Y/EQ=="
    },
    "rematrix": {
      "version": "0.3.0",
      "resolved": "https://registry.npmjs.org/rematrix/-/rematrix-0.3.0.tgz",
      "integrity": "sha512-xB/9ZvJIKaDgXX0qkvV9/pLD8zK23A6TVV6F8Vhsl+SrxbBeVYutz5uszxgC6Rt3RP9LZiH8OXaYjr+x6WXWmQ=="
    },
    "scrollreveal": {
      "version": "4.0.9",
      "resolved": "https://registry.npmjs.org/scrollreveal/-/scrollreveal-4.0.9.tgz",
      "integrity": "sha512-fefGvzVS8YbXbDK1+T0kvy2yqxaiBJZeGUhPeqajf+7sGqtX4xikbKGAlzQuPCpswAMswx94ZwhDjXKnRIqW1w==",
      "requires": {
        "miniraf": "1.0.0",
        "rematrix": "0.3.0",
        "tealight": "0.3.6"
      }
    },
    "tealight": {
      "version": "0.3.6",
      "resolved": "https://registry.npmjs.org/tealight/-/tealight-0.3.6.tgz",
      "integrity": "sha512-Dys3N8jFBThD9pNVpPCyUiu6DfWcTBdqWQJIvnAuVaFkGEdrPBJ43070vVbn6sTlLvn2IQK2zFW4FrVIrTo8eQ==",
      "requires": {
        "is-dom-node": "^1.0.4",
        "is-dom-node-list": "^1.2.1"
      }
    },
    "waypoints": {
      "version": "4.0.1",
      "resolved": "https://registry.npmjs.org/waypoints/-/waypoints-4.0.1.tgz",
      "integrity": "sha1-CZeaBXOBCylifLpDZqKEoGLsacg="
    }
  }
}
